<Solution>
  <Project Path="src/PublishRealLiteApi.Application/PublishRealLiteApi.Application.csproj" />
  <Project Path="src/PublishRealLiteApi.Infrastructure/PublishRealLiteApi.Infrastructure.csproj" />
  <Project Path="src/PublishRealLiteApi.Models/PublishRealLiteApi.Models.csproj" />
  <Project Path="src/PublishRealLiteApi/PublishRealLiteApi.csproj" />
</Solution>
